
Microsoft Visual Studio Solution File, Format Version 12.00
# Visual Studio 15
VisualStudioVersion = 15.0.27703.2000
MinimumVisualStudioVersion = 10.0.40219.1
Project("{9A19103F-16F7-4668-BE54-9A1E7A4F7556}") = "Numiteq", "Numiteq\Numiteq.csproj", "{278F2D6C-84CD-4573-8FFA-9892313DFE46}"
EndProject
Project("{2150E333-8FDC-42A3-9474-1A3956D46DE8}") = "DataAccess", "DataAccess", "{5384890E-6E17-4D51-B982-E1AE92C4AD75}"
EndProject
Project("{2150E333-8FDC-42A3-9474-1A3956D46DE8}") = "BusinessLogic", "BusinessLogic", "{C4A70906-E681-4EA5-854B-E70EB5C065E4}"
EndProject
Project("{9A19103F-16F7-4668-BE54-9A1E7A4F7556}") = "Numiteq.DataAccess.DataContracts", "Numiteq.DataAccess.DataContracts\Numiteq.DataAccess.DataContracts.csproj", "{7ACB8C90-678F-4809-8D69-AEDE3A438F41}"
EndProject
Project("{9A19103F-16F7-4668-BE54-9A1E7A4F7556}") = "Numiteq.DataAccess.SqlDataAccess", "Numiteq.DataAccess.SqlDataAccess\Numiteq.DataAccess.SqlDataAccess.csproj", "{916E84E2-B438-494D-ABCC-358CA77DD335}"
EndProject
Project("{9A19103F-16F7-4668-BE54-9A1E7A4F7556}") = "Numiteq.BusinessLogic.BusinessContracts", "Numiteq.BusinessLogic.BusinessContracts\Numiteq.BusinessLogic.BusinessContracts.csproj", "{EA901E3C-F02F-4881-A956-81756B9947E8}"
EndProject
Project("{9A19103F-16F7-4668-BE54-9A1E7A4F7556}") = "Numiteq.BusinessLogic.BusinessComponents", "Numiteq.BusinessLogic.BusinessComponents\Numiteq.BusinessLogic.BusinessComponents.csproj", "{3760A676-2D29-4366-BD5F-31C23111B21C}"
EndProject
Project("{2150E333-8FDC-42A3-9474-1A3956D46DE8}") = "Common", "Common", "{039FA461-8293-4BB8-8F65-0546CDB21BCE}"
EndProject
Project("{9A19103F-16F7-4668-BE54-9A1E7A4F7556}") = "Numiteq.Common.DependencyInjection", "Numiteq.Common.DependencyInjection\Numiteq.Common.DependencyInjection.csproj", "{5FBCC838-52FA-4044-BB05-6CB6CFB5E26C}"
EndProject
Project("{9A19103F-16F7-4668-BE54-9A1E7A4F7556}") = "Numiteq.Common.Entities", "Numiteq.Common.Entities\Numiteq.Common.Entities.csproj", "{C1F0258F-03C0-4596-A7D7-6005F1AC9704}"
EndProject
Project("{FAE04EC0-301F-11D3-BF4B-00C04F79EFBC}") = "Numiteq.Common", "Numiteq.Common\Numiteq.Common.csproj", "{0F20412F-7826-40CD-B3F6-C301276F730E}"
EndProject
Global
	GlobalSection(SolutionConfigurationPlatforms) = preSolution
		Debug|Any CPU = Debug|Any CPU
		Release|Any CPU = Release|Any CPU
	EndGlobalSection
	GlobalSection(ProjectConfigurationPlatforms) = postSolution
		{278F2D6C-84CD-4573-8FFA-9892313DFE46}.Debug|Any CPU.ActiveCfg = Debug|Any CPU
		{278F2D6C-84CD-4573-8FFA-9892313DFE46}.Debug|Any CPU.Build.0 = Debug|Any CPU
		{278F2D6C-84CD-4573-8FFA-9892313DFE46}.Release|Any CPU.ActiveCfg = Release|Any CPU
		{278F2D6C-84CD-4573-8FFA-9892313DFE46}.Release|Any CPU.Build.0 = Release|Any CPU
		{7ACB8C90-678F-4809-8D69-AEDE3A438F41}.Debug|Any CPU.ActiveCfg = Debug|Any CPU
		{7ACB8C90-678F-4809-8D69-AEDE3A438F41}.Debug|Any CPU.Build.0 = Debug|Any CPU
		{7ACB8C90-678F-4809-8D69-AEDE3A438F41}.Release|Any CPU.ActiveCfg = Release|Any CPU
		{7ACB8C90-678F-4809-8D69-AEDE3A438F41}.Release|Any CPU.Build.0 = Release|Any CPU
		{916E84E2-B438-494D-ABCC-358CA77DD335}.Debug|Any CPU.ActiveCfg = Debug|Any CPU
		{916E84E2-B438-494D-ABCC-358CA77DD335}.Debug|Any CPU.Build.0 = Debug|Any CPU
		{916E84E2-B438-494D-ABCC-358CA77DD335}.Release|Any CPU.ActiveCfg = Release|Any CPU
		{916E84E2-B438-494D-ABCC-358CA77DD335}.Release|Any CPU.Build.0 = Release|Any CPU
		{EA901E3C-F02F-4881-A956-81756B9947E8}.Debug|Any CPU.ActiveCfg = Debug|Any CPU
		{EA901E3C-F02F-4881-A956-81756B9947E8}.Debug|Any CPU.Build.0 = Debug|Any CPU
		{EA901E3C-F02F-4881-A956-81756B9947E8}.Release|Any CPU.ActiveCfg = Release|Any CPU
		{EA901E3C-F02F-4881-A956-81756B9947E8}.Release|Any CPU.Build.0 = Release|Any CPU
		{3760A676-2D29-4366-BD5F-31C23111B21C}.Debug|Any CPU.ActiveCfg = Debug|Any CPU
		{3760A676-2D29-4366-BD5F-31C23111B21C}.Debug|Any CPU.Build.0 = Debug|Any CPU
		{3760A676-2D29-4366-BD5F-31C23111B21C}.Release|Any CPU.ActiveCfg = Release|Any CPU
		{3760A676-2D29-4366-BD5F-31C23111B21C}.Release|Any CPU.Build.0 = Release|Any CPU
		{5FBCC838-52FA-4044-BB05-6CB6CFB5E26C}.Debug|Any CPU.ActiveCfg = Debug|Any CPU
		{5FBCC838-52FA-4044-BB05-6CB6CFB5E26C}.Debug|Any CPU.Build.0 = Debug|Any CPU
		{5FBCC838-52FA-4044-BB05-6CB6CFB5E26C}.Release|Any CPU.ActiveCfg = Release|Any CPU
		{5FBCC838-52FA-4044-BB05-6CB6CFB5E26C}.Release|Any CPU.Build.0 = Release|Any CPU
		{C1F0258F-03C0-4596-A7D7-6005F1AC9704}.Debug|Any CPU.ActiveCfg = Debug|Any CPU
		{C1F0258F-03C0-4596-A7D7-6005F1AC9704}.Debug|Any CPU.Build.0 = Debug|Any CPU
		{C1F0258F-03C0-4596-A7D7-6005F1AC9704}.Release|Any CPU.ActiveCfg = Release|Any CPU
		{C1F0258F-03C0-4596-A7D7-6005F1AC9704}.Release|Any CPU.Build.0 = Release|Any CPU
		{0F20412F-7826-40CD-B3F6-C301276F730E}.Debug|Any CPU.ActiveCfg = Debug|Any CPU
		{0F20412F-7826-40CD-B3F6-C301276F730E}.Debug|Any CPU.Build.0 = Debug|Any CPU
		{0F20412F-7826-40CD-B3F6-C301276F730E}.Release|Any CPU.ActiveCfg = Release|Any CPU
		{0F20412F-7826-40CD-B3F6-C301276F730E}.Release|Any CPU.Build.0 = Release|Any CPU
	EndGlobalSection
	GlobalSection(SolutionProperties) = preSolution
		HideSolutionNode = FALSE
	EndGlobalSection
	GlobalSection(NestedProjects) = preSolution
		{7ACB8C90-678F-4809-8D69-AEDE3A438F41} = {5384890E-6E17-4D51-B982-E1AE92C4AD75}
		{916E84E2-B438-494D-ABCC-358CA77DD335} = {5384890E-6E17-4D51-B982-E1AE92C4AD75}
		{EA901E3C-F02F-4881-A956-81756B9947E8} = {C4A70906-E681-4EA5-854B-E70EB5C065E4}
		{3760A676-2D29-4366-BD5F-31C23111B21C} = {C4A70906-E681-4EA5-854B-E70EB5C065E4}
		{5FBCC838-52FA-4044-BB05-6CB6CFB5E26C} = {039FA461-8293-4BB8-8F65-0546CDB21BCE}
		{C1F0258F-03C0-4596-A7D7-6005F1AC9704} = {039FA461-8293-4BB8-8F65-0546CDB21BCE}
		{0F20412F-7826-40CD-B3F6-C301276F730E} = {039FA461-8293-4BB8-8F65-0546CDB21BCE}
	EndGlobalSection
	GlobalSection(ExtensibilityGlobals) = postSolution
		SolutionGuid = {0C6644CD-49A0-4502-9F09-8BFBFDCA518C}
	EndGlobalSection
EndGlobal
